
Microsoft Visual Studio Solution File, Format Version 12.00
# Visual Studio Version 17
VisualStudioVersion = 17.1.32127.271
MinimumVisualStudioVersion = 10.0.40219.1
Project("{FAE04EC0-301F-11D3-BF4B-00C04F79EFBC}") = "OSIPI", "OSIPI.csproj", "{590D3E24-117A-4083-A6FD-A78A04794403}"
EndProject
Global
	GlobalSection(SolutionConfigurationPlatforms) = preSolution
		Debug|Any CPU = Debug|Any CPU
		Release|Any CPU = Release|Any CPU
	EndGlobalSection
	GlobalSection(ProjectConfigurationPlatforms) = postSolution
		{590D3E24-117A-4083-A6FD-A78A04794403}.Debug|Any CPU.ActiveCfg = Debug|Any CPU
		{590D3E24-117A-4083-A6FD-A78A04794403}.Debug|Any CPU.Build.0 = Debug|Any CPU
		{590D3E24-117A-4083-A6FD-A78A04794403}.Release|Any CPU.ActiveCfg = Release|Any CPU
		{590D3E24-117A-4083-A6FD-A78A04794403}.Release|Any CPU.Build.0 = Release|Any CPU
	EndGlobalSection
	GlobalSection(SolutionProperties) = preSolution
		HideSolutionNode = FALSE
	EndGlobalSection
	GlobalSection(ExtensibilityGlobals) = postSolution
		SolutionGuid = {0C54C266-6126-4983-AD03-BDCB8D5C8133}
	EndGlobalSection
EndGlobal
